
Microsoft Visual Studio Solution File, Format Version 12.00
# Visual Studio 2013
VisualStudioVersion = 12.0.31101.0
MinimumVisualStudioVersion = 10.0.40219.1
Project("{CC5FD16D-436D-48AD-A40C-5A424C6E3E79}") = "AzureCloudService1", "AzureCloudService1\AzureCloudService1.ccproj", "{2E2615F3-F7F1-4D80-A6E4-43FF8AD36A37}"
EndProject
Project("{FAE04EC0-301F-11D3-BF4B-00C04F79EFBC}") = "WebRole1", "WebRole1\WebRole1.csproj", "{03EC1AD5-671E-4E32-974F-80571B0CAFFB}"
EndProject
Project("{FAE04EC0-301F-11D3-BF4B-00C04F79EFBC}") = "WorkerRole1", "WorkerRole1\WorkerRole1.csproj", "{30DE9074-93E8-4057-88AC-A9F877E2E01A}"
EndProject
Project("{FAE04EC0-301F-11D3-BF4B-00C04F79EFBC}") = "ClassLibrary1", "ClassLibrary1\ClassLibrary1.csproj", "{578D5152-7448-40AF-9020-F2E42300844D}"
EndProject
Global
	GlobalSection(SolutionConfigurationPlatforms) = preSolution
		Debug|Any CPU = Debug|Any CPU
		Release|Any CPU = Release|Any CPU
	EndGlobalSection
	GlobalSection(ProjectConfigurationPlatforms) = postSolution
		{2E2615F3-F7F1-4D80-A6E4-43FF8AD36A37}.Debug|Any CPU.ActiveCfg = Debug|Any CPU
		{2E2615F3-F7F1-4D80-A6E4-43FF8AD36A37}.Debug|Any CPU.Build.0 = Debug|Any CPU
		{2E2615F3-F7F1-4D80-A6E4-43FF8AD36A37}.Release|Any CPU.ActiveCfg = Release|Any CPU
		{2E2615F3-F7F1-4D80-A6E4-43FF8AD36A37}.Release|Any CPU.Build.0 = Release|Any CPU
		{03EC1AD5-671E-4E32-974F-80571B0CAFFB}.Debug|Any CPU.ActiveCfg = Debug|Any CPU
		{03EC1AD5-671E-4E32-974F-80571B0CAFFB}.Debug|Any CPU.Build.0 = Debug|Any CPU
		{03EC1AD5-671E-4E32-974F-80571B0CAFFB}.Release|Any CPU.ActiveCfg = Release|Any CPU
		{03EC1AD5-671E-4E32-974F-80571B0CAFFB}.Release|Any CPU.Build.0 = Release|Any CPU
		{30DE9074-93E8-4057-88AC-A9F877E2E01A}.Debug|Any CPU.ActiveCfg = Debug|Any CPU
		{30DE9074-93E8-4057-88AC-A9F877E2E01A}.Debug|Any CPU.Build.0 = Debug|Any CPU
		{30DE9074-93E8-4057-88AC-A9F877E2E01A}.Release|Any CPU.ActiveCfg = Release|Any CPU
		{30DE9074-93E8-4057-88AC-A9F877E2E01A}.Release|Any CPU.Build.0 = Release|Any CPU
		{578D5152-7448-40AF-9020-F2E42300844D}.Debug|Any CPU.ActiveCfg = Debug|Any CPU
		{578D5152-7448-40AF-9020-F2E42300844D}.Debug|Any CPU.Build.0 = Debug|Any CPU
		{578D5152-7448-40AF-9020-F2E42300844D}.Release|Any CPU.ActiveCfg = Release|Any CPU
		{578D5152-7448-40AF-9020-F2E42300844D}.Release|Any CPU.Build.0 = Release|Any CPU
	EndGlobalSection
	GlobalSection(SolutionProperties) = preSolution
		HideSolutionNode = FALSE
	EndGlobalSection
EndGlobal
